
Microsoft Visual Studio Solution File, Format Version 12.00
# Visual Studio Version 16
VisualStudioVersion = 16.0.30413.136
MinimumVisualStudioVersion = 10.0.40219.1
Project("{8BC9CEB8-8B4A-11D0-8D11-00A0C91BC942}") = "quaternary", "quaternary\quaternary.vcxproj", "{A46094CE-4D9C-44CE-BE1F-9B218D95C016}"
EndProject
Project("{8BC9CEB8-8B4A-11D0-8D11-00A0C91BC942}") = "triangle_check", "triangle_check\triangle_check.vcxproj", "{9379E2E1-5714-400C-9FC1-D73CD1440F5A}"
EndProject
Project("{8BC9CEB8-8B4A-11D0-8D11-00A0C91BC942}") = "call_my_name", "call_my_name\call_my_name.vcxproj", "{92EC7A86-E788-4071-AF87-F3FF42528ED2}"
EndProject
Project("{8BC9CEB8-8B4A-11D0-8D11-00A0C91BC942}") = "square", "square\square.vcxproj", "{65C15C7A-F41D-4720-8F16-0AC5A1086DC6}"
EndProject
Project("{8BC9CEB8-8B4A-11D0-8D11-00A0C91BC942}") = "triangleArea", "triangleArea\triangleArea.vcxproj", "{48CE4FE8-B786-463C-875B-85B95C5944FB}"
EndProject
Project("{8BC9CEB8-8B4A-11D0-8D11-00A0C91BC942}") = "rightTriangle", "rightTriangle\rightTriangle.vcxproj", "{FA6B5AD1-A226-4F11-AE7E-8E025585ADA4}"
EndProject
Project("{8BC9CEB8-8B4A-11D0-8D11-00A0C91BC942}") = "trianglePattern", "trianglePattern\trianglePattern.vcxproj", "{09C46E5B-BBC9-4506-A149-25148553DE8B}"
EndProject
Project("{8BC9CEB8-8B4A-11D0-8D11-00A0C91BC942}") = "robot", "robot\robot.vcxproj", "{29C5680F-73AC-4175-81CF-08C2908E0B25}"
EndProject
Global
	GlobalSection(SolutionConfigurationPlatforms) = preSolution
		Debug|x64 = Debug|x64
		Debug|x86 = Debug|x86
		Release|x64 = Release|x64
		Release|x86 = Release|x86
	EndGlobalSection
	GlobalSection(ProjectConfigurationPlatforms) = postSolution
		{A46094CE-4D9C-44CE-BE1F-9B218D95C016}.Debug|x64.ActiveCfg = Debug|x64
		{A46094CE-4D9C-44CE-BE1F-9B218D95C016}.Debug|x64.Build.0 = Debug|x64
		{A46094CE-4D9C-44CE-BE1F-9B218D95C016}.Debug|x86.ActiveCfg = Debug|Win32
		{A46094CE-4D9C-44CE-BE1F-9B218D95C016}.Debug|x86.Build.0 = Debug|Win32
		{A46094CE-4D9C-44CE-BE1F-9B218D95C016}.Release|x64.ActiveCfg = Release|x64
		{A46094CE-4D9C-44CE-BE1F-9B218D95C016}.Release|x64.Build.0 = Release|x64
		{A46094CE-4D9C-44CE-BE1F-9B218D95C016}.Release|x86.ActiveCfg = Release|Win32
		{A46094CE-4D9C-44CE-BE1F-9B218D95C016}.Release|x86.Build.0 = Release|Win32
		{9379E2E1-5714-400C-9FC1-D73CD1440F5A}.Debug|x64.ActiveCfg = Debug|x64
		{9379E2E1-5714-400C-9FC1-D73CD1440F5A}.Debug|x64.Build.0 = Debug|x64
		{9379E2E1-5714-400C-9FC1-D73CD1440F5A}.Debug|x86.ActiveCfg = Debug|Win32
		{9379E2E1-5714-400C-9FC1-D73CD1440F5A}.Debug|x86.Build.0 = Debug|Win32
		{9379E2E1-5714-400C-9FC1-D73CD1440F5A}.Release|x64.ActiveCfg = Release|x64
		{9379E2E1-5714-400C-9FC1-D73CD1440F5A}.Release|x64.Build.0 = Release|x64
		{9379E2E1-5714-400C-9FC1-D73CD1440F5A}.Release|x86.ActiveCfg = Release|Win32
		{9379E2E1-5714-400C-9FC1-D73CD1440F5A}.Release|x86.Build.0 = Release|Win32
		{92EC7A86-E788-4071-AF87-F3FF42528ED2}.Debug|x64.ActiveCfg = Debug|x64
		{92EC7A86-E788-4071-AF87-F3FF42528ED2}.Debug|x64.Build.0 = Debug|x64
		{92EC7A86-E788-4071-AF87-F3FF42528ED2}.Debug|x86.ActiveCfg = Debug|Win32
		{92EC7A86-E788-4071-AF87-F3FF42528ED2}.Debug|x86.Build.0 = Debug|Win32
		{92EC7A86-E788-4071-AF87-F3FF42528ED2}.Release|x64.ActiveCfg = Release|x64
		{92EC7A86-E788-4071-AF87-F3FF42528ED2}.Release|x64.Build.0 = Release|x64
		{92EC7A86-E788-4071-AF87-F3FF42528ED2}.Release|x86.ActiveCfg = Release|Win32
		{92EC7A86-E788-4071-AF87-F3FF42528ED2}.Release|x86.Build.0 = Release|Win32
		{65C15C7A-F41D-4720-8F16-0AC5A1086DC6}.Debug|x64.ActiveCfg = Debug|x64
		{65C15C7A-F41D-4720-8F16-0AC5A1086DC6}.Debug|x64.Build.0 = Debug|x64
		{65C15C7A-F41D-4720-8F16-0AC5A1086DC6}.Debug|x86.ActiveCfg = Debug|Win32
		{65C15C7A-F41D-4720-8F16-0AC5A1086DC6}.Debug|x86.Build.0 = Debug|Win32
		{65C15C7A-F41D-4720-8F16-0AC5A1086DC6}.Release|x64.ActiveCfg = Release|x64
		{65C15C7A-F41D-4720-8F16-0AC5A1086DC6}.Release|x64.Build.0 = Release|x64
		{65C15C7A-F41D-4720-8F16-0AC5A1086DC6}.Release|x86.ActiveCfg = Release|Win32
		{65C15C7A-F41D-4720-8F16-0AC5A1086DC6}.Release|x86.Build.0 = Release|Win32
		{48CE4FE8-B786-463C-875B-85B95C5944FB}.Debug|x64.ActiveCfg = Debug|x64
		{48CE4FE8-B786-463C-875B-85B95C5944FB}.Debug|x64.Build.0 = Debug|x64
		{48CE4FE8-B786-463C-875B-85B95C5944FB}.Debug|x86.ActiveCfg = Debug|Win32
		{48CE4FE8-B786-463C-875B-85B95C5944FB}.Debug|x86.Build.0 = Debug|Win32
		{48CE4FE8-B786-463C-875B-85B95C5944FB}.Release|x64.ActiveCfg = Release|x64
		{48CE4FE8-B786-463C-875B-85B95C5944FB}.Release|x64.Build.0 = Release|x64
		{48CE4FE8-B786-463C-875B-85B95C5944FB}.Release|x86.ActiveCfg = Release|Win32
		{48CE4FE8-B786-463C-875B-85B95C5944FB}.Release|x86.Build.0 = Release|Win32
		{FA6B5AD1-A226-4F11-AE7E-8E025585ADA4}.Debug|x64.ActiveCfg = Debug|x64
		{FA6B5AD1-A226-4F11-AE7E-8E025585ADA4}.Debug|x64.Build.0 = Debug|x64
		{FA6B5AD1-A226-4F11-AE7E-8E025585ADA4}.Debug|x86.ActiveCfg = Debug|Win32
		{FA6B5AD1-A226-4F11-AE7E-8E025585ADA4}.Debug|x86.Build.0 = Debug|Win32
		{FA6B5AD1-A226-4F11-AE7E-8E025585ADA4}.Release|x64.ActiveCfg = Release|x64
		{FA6B5AD1-A226-4F11-AE7E-8E025585ADA4}.Release|x64.Build.0 = Release|x64
		{FA6B5AD1-A226-4F11-AE7E-8E025585ADA4}.Release|x86.ActiveCfg = Release|Win32
		{FA6B5AD1-A226-4F11-AE7E-8E025585ADA4}.Release|x86.Build.0 = Release|Win32
		{09C46E5B-BBC9-4506-A149-25148553DE8B}.Debug|x64.ActiveCfg = Debug|x64
		{09C46E5B-BBC9-4506-A149-25148553DE8B}.Debug|x64.Build.0 = Debug|x64
		{09C46E5B-BBC9-4506-A149-25148553DE8B}.Debug|x86.ActiveCfg = Debug|Win32
		{09C46E5B-BBC9-4506-A149-25148553DE8B}.Debug|x86.Build.0 = Debug|Win32
		{09C46E5B-BBC9-4506-A149-25148553DE8B}.Release|x64.ActiveCfg = Release|x64
		{09C46E5B-BBC9-4506-A149-25148553DE8B}.Release|x64.Build.0 = Release|x64
		{09C46E5B-BBC9-4506-A149-25148553DE8B}.Release|x86.ActiveCfg = Release|Win32
		{09C46E5B-BBC9-4506-A149-25148553DE8B}.Release|x86.Build.0 = Release|Win32
		{29C5680F-73AC-4175-81CF-08C2908E0B25}.Debug|x64.ActiveCfg = Debug|x64
		{29C5680F-73AC-4175-81CF-08C2908E0B25}.Debug|x64.Build.0 = Debug|x64
		{29C5680F-73AC-4175-81CF-08C2908E0B25}.Debug|x86.ActiveCfg = Debug|Win32
		{29C5680F-73AC-4175-81CF-08C2908E0B25}.Debug|x86.Build.0 = Debug|Win32
		{29C5680F-73AC-4175-81CF-08C2908E0B25}.Release|x64.ActiveCfg = Release|x64
		{29C5680F-73AC-4175-81CF-08C2908E0B25}.Release|x64.Build.0 = Release|x64
		{29C5680F-73AC-4175-81CF-08C2908E0B25}.Release|x86.ActiveCfg = Release|Win32
		{29C5680F-73AC-4175-81CF-08C2908E0B25}.Release|x86.Build.0 = Release|Win32
	EndGlobalSection
	GlobalSection(SolutionProperties) = preSolution
		HideSolutionNode = FALSE
	EndGlobalSection
	GlobalSection(ExtensibilityGlobals) = postSolution
		SolutionGuid = {54C7EE4F-5803-4B8B-AE1B-9C14679FF182}
	EndGlobalSection
EndGlobal
