
Microsoft Visual Studio Solution File, Format Version 12.00
# Visual Studio Version 16
VisualStudioVersion = 16.0.30413.136
MinimumVisualStudioVersion = 10.0.40219.1
Project("{8BC9CEB8-8B4A-11D0-8D11-00A0C91BC942}") = "robot", "robot\robot.vcxproj", "{29C5680F-73AC-4175-81CF-08C2908E0B25}"
EndProject
Project("{8BC9CEB8-8B4A-11D0-8D11-00A0C91BC942}") = "exchange-free-juice", "exchange-free-juice\exchange-free-juice.vcxproj", "{73A5FD88-17B2-49AF-AF0E-5FCDD59753CA}"
EndProject
Global
	GlobalSection(SolutionConfigurationPlatforms) = preSolution
		Debug|x64 = Debug|x64
		Debug|x86 = Debug|x86
		Release|x64 = Release|x64
		Release|x86 = Release|x86
	EndGlobalSection
	GlobalSection(ProjectConfigurationPlatforms) = postSolution
		{29C5680F-73AC-4175-81CF-08C2908E0B25}.Debug|x64.ActiveCfg = Debug|x64
		{29C5680F-73AC-4175-81CF-08C2908E0B25}.Debug|x64.Build.0 = Debug|x64
		{29C5680F-73AC-4175-81CF-08C2908E0B25}.Debug|x86.ActiveCfg = Debug|Win32
		{29C5680F-73AC-4175-81CF-08C2908E0B25}.Debug|x86.Build.0 = Debug|Win32
		{29C5680F-73AC-4175-81CF-08C2908E0B25}.Release|x64.ActiveCfg = Release|x64
		{29C5680F-73AC-4175-81CF-08C2908E0B25}.Release|x64.Build.0 = Release|x64
		{29C5680F-73AC-4175-81CF-08C2908E0B25}.Release|x86.ActiveCfg = Release|Win32
		{29C5680F-73AC-4175-81CF-08C2908E0B25}.Release|x86.Build.0 = Release|Win32
		{73A5FD88-17B2-49AF-AF0E-5FCDD59753CA}.Debug|x64.ActiveCfg = Debug|x64
		{73A5FD88-17B2-49AF-AF0E-5FCDD59753CA}.Debug|x64.Build.0 = Debug|x64
		{73A5FD88-17B2-49AF-AF0E-5FCDD59753CA}.Debug|x86.ActiveCfg = Debug|Win32
		{73A5FD88-17B2-49AF-AF0E-5FCDD59753CA}.Debug|x86.Build.0 = Debug|Win32
		{73A5FD88-17B2-49AF-AF0E-5FCDD59753CA}.Release|x64.ActiveCfg = Release|x64
		{73A5FD88-17B2-49AF-AF0E-5FCDD59753CA}.Release|x64.Build.0 = Release|x64
		{73A5FD88-17B2-49AF-AF0E-5FCDD59753CA}.Release|x86.ActiveCfg = Release|Win32
		{73A5FD88-17B2-49AF-AF0E-5FCDD59753CA}.Release|x86.Build.0 = Release|Win32
	EndGlobalSection
	GlobalSection(SolutionProperties) = preSolution
		HideSolutionNode = FALSE
	EndGlobalSection
	GlobalSection(ExtensibilityGlobals) = postSolution
		SolutionGuid = {54C7EE4F-5803-4B8B-AE1B-9C14679FF182}
	EndGlobalSection
EndGlobal
