
Microsoft Visual Studio Solution File, Format Version 12.00
# Visual Studio Version 16
VisualStudioVersion = 16.0.30413.136
MinimumVisualStudioVersion = 10.0.40219.1
Project("{8BC9CEB8-8B4A-11D0-8D11-00A0C91BC942}") = "hexagonal_prism", "hexagonal_prism\hexagonal_prism.vcxproj", "{185FF657-AE01-4BB7-9EA2-BE494F245BC8}"
EndProject
Project("{8BC9CEB8-8B4A-11D0-8D11-00A0C91BC942}") = "quaternary", "quaternary\quaternary.vcxproj", "{A46094CE-4D9C-44CE-BE1F-9B218D95C016}"
EndProject
Project("{8BC9CEB8-8B4A-11D0-8D11-00A0C91BC942}") = "shift_sequence", "shift_sequence\shift_sequence.vcxproj", "{279D13A3-88E8-4E3F-8017-5AF1A35866B2}"
EndProject
Project("{8BC9CEB8-8B4A-11D0-8D11-00A0C91BC942}") = "quadrant_selection", "quadrant_selection\quadrant_selection.vcxproj", "{FBA4DF51-931E-4FBC-86F1-810FFCCFD2E5}"
EndProject
Project("{8BC9CEB8-8B4A-11D0-8D11-00A0C91BC942}") = "triangle_check", "triangle_check\triangle_check.vcxproj", "{9379E2E1-5714-400C-9FC1-D73CD1440F5A}"
EndProject
Project("{8BC9CEB8-8B4A-11D0-8D11-00A0C91BC942}") = "taxi_meter", "taxi_meter\taxi_meter.vcxproj", "{489EBB7A-0550-43BC-A510-1AF50A573D3E}"
EndProject
Project("{8BC9CEB8-8B4A-11D0-8D11-00A0C91BC942}") = "DPA", "DPA\DPA.vcxproj", "{BBF32211-55BD-4F46-BC6C-80F25FD833F2}"
EndProject
Global
	GlobalSection(SolutionConfigurationPlatforms) = preSolution
		Debug|x64 = Debug|x64
		Debug|x86 = Debug|x86
		Release|x64 = Release|x64
		Release|x86 = Release|x86
	EndGlobalSection
	GlobalSection(ProjectConfigurationPlatforms) = postSolution
		{185FF657-AE01-4BB7-9EA2-BE494F245BC8}.Debug|x64.ActiveCfg = Debug|x64
		{185FF657-AE01-4BB7-9EA2-BE494F245BC8}.Debug|x64.Build.0 = Debug|x64
		{185FF657-AE01-4BB7-9EA2-BE494F245BC8}.Debug|x86.ActiveCfg = Debug|Win32
		{185FF657-AE01-4BB7-9EA2-BE494F245BC8}.Debug|x86.Build.0 = Debug|Win32
		{185FF657-AE01-4BB7-9EA2-BE494F245BC8}.Release|x64.ActiveCfg = Release|x64
		{185FF657-AE01-4BB7-9EA2-BE494F245BC8}.Release|x64.Build.0 = Release|x64
		{185FF657-AE01-4BB7-9EA2-BE494F245BC8}.Release|x86.ActiveCfg = Release|Win32
		{185FF657-AE01-4BB7-9EA2-BE494F245BC8}.Release|x86.Build.0 = Release|Win32
		{A46094CE-4D9C-44CE-BE1F-9B218D95C016}.Debug|x64.ActiveCfg = Debug|x64
		{A46094CE-4D9C-44CE-BE1F-9B218D95C016}.Debug|x64.Build.0 = Debug|x64
		{A46094CE-4D9C-44CE-BE1F-9B218D95C016}.Debug|x86.ActiveCfg = Debug|Win32
		{A46094CE-4D9C-44CE-BE1F-9B218D95C016}.Debug|x86.Build.0 = Debug|Win32
		{A46094CE-4D9C-44CE-BE1F-9B218D95C016}.Release|x64.ActiveCfg = Release|x64
		{A46094CE-4D9C-44CE-BE1F-9B218D95C016}.Release|x64.Build.0 = Release|x64
		{A46094CE-4D9C-44CE-BE1F-9B218D95C016}.Release|x86.ActiveCfg = Release|Win32
		{A46094CE-4D9C-44CE-BE1F-9B218D95C016}.Release|x86.Build.0 = Release|Win32
		{279D13A3-88E8-4E3F-8017-5AF1A35866B2}.Debug|x64.ActiveCfg = Debug|x64
		{279D13A3-88E8-4E3F-8017-5AF1A35866B2}.Debug|x64.Build.0 = Debug|x64
		{279D13A3-88E8-4E3F-8017-5AF1A35866B2}.Debug|x86.ActiveCfg = Debug|Win32
		{279D13A3-88E8-4E3F-8017-5AF1A35866B2}.Debug|x86.Build.0 = Debug|Win32
		{279D13A3-88E8-4E3F-8017-5AF1A35866B2}.Release|x64.ActiveCfg = Release|x64
		{279D13A3-88E8-4E3F-8017-5AF1A35866B2}.Release|x64.Build.0 = Release|x64
		{279D13A3-88E8-4E3F-8017-5AF1A35866B2}.Release|x86.ActiveCfg = Release|Win32
		{279D13A3-88E8-4E3F-8017-5AF1A35866B2}.Release|x86.Build.0 = Release|Win32
		{FBA4DF51-931E-4FBC-86F1-810FFCCFD2E5}.Debug|x64.ActiveCfg = Debug|x64
		{FBA4DF51-931E-4FBC-86F1-810FFCCFD2E5}.Debug|x64.Build.0 = Debug|x64
		{FBA4DF51-931E-4FBC-86F1-810FFCCFD2E5}.Debug|x86.ActiveCfg = Debug|Win32
		{FBA4DF51-931E-4FBC-86F1-810FFCCFD2E5}.Debug|x86.Build.0 = Debug|Win32
		{FBA4DF51-931E-4FBC-86F1-810FFCCFD2E5}.Release|x64.ActiveCfg = Release|x64
		{FBA4DF51-931E-4FBC-86F1-810FFCCFD2E5}.Release|x64.Build.0 = Release|x64
		{FBA4DF51-931E-4FBC-86F1-810FFCCFD2E5}.Release|x86.ActiveCfg = Release|Win32
		{FBA4DF51-931E-4FBC-86F1-810FFCCFD2E5}.Release|x86.Build.0 = Release|Win32
		{9379E2E1-5714-400C-9FC1-D73CD1440F5A}.Debug|x64.ActiveCfg = Debug|x64
		{9379E2E1-5714-400C-9FC1-D73CD1440F5A}.Debug|x64.Build.0 = Debug|x64
		{9379E2E1-5714-400C-9FC1-D73CD1440F5A}.Debug|x86.ActiveCfg = Debug|Win32
		{9379E2E1-5714-400C-9FC1-D73CD1440F5A}.Debug|x86.Build.0 = Debug|Win32
		{9379E2E1-5714-400C-9FC1-D73CD1440F5A}.Release|x64.ActiveCfg = Release|x64
		{9379E2E1-5714-400C-9FC1-D73CD1440F5A}.Release|x64.Build.0 = Release|x64
		{9379E2E1-5714-400C-9FC1-D73CD1440F5A}.Release|x86.ActiveCfg = Release|Win32
		{9379E2E1-5714-400C-9FC1-D73CD1440F5A}.Release|x86.Build.0 = Release|Win32
		{489EBB7A-0550-43BC-A510-1AF50A573D3E}.Debug|x64.ActiveCfg = Debug|x64
		{489EBB7A-0550-43BC-A510-1AF50A573D3E}.Debug|x64.Build.0 = Debug|x64
		{489EBB7A-0550-43BC-A510-1AF50A573D3E}.Debug|x86.ActiveCfg = Debug|Win32
		{489EBB7A-0550-43BC-A510-1AF50A573D3E}.Debug|x86.Build.0 = Debug|Win32
		{489EBB7A-0550-43BC-A510-1AF50A573D3E}.Release|x64.ActiveCfg = Release|x64
		{489EBB7A-0550-43BC-A510-1AF50A573D3E}.Release|x64.Build.0 = Release|x64
		{489EBB7A-0550-43BC-A510-1AF50A573D3E}.Release|x86.ActiveCfg = Release|Win32
		{489EBB7A-0550-43BC-A510-1AF50A573D3E}.Release|x86.Build.0 = Release|Win32
		{BBF32211-55BD-4F46-BC6C-80F25FD833F2}.Debug|x64.ActiveCfg = Debug|x64
		{BBF32211-55BD-4F46-BC6C-80F25FD833F2}.Debug|x64.Build.0 = Debug|x64
		{BBF32211-55BD-4F46-BC6C-80F25FD833F2}.Debug|x86.ActiveCfg = Debug|Win32
		{BBF32211-55BD-4F46-BC6C-80F25FD833F2}.Debug|x86.Build.0 = Debug|Win32
		{BBF32211-55BD-4F46-BC6C-80F25FD833F2}.Release|x64.ActiveCfg = Release|x64
		{BBF32211-55BD-4F46-BC6C-80F25FD833F2}.Release|x64.Build.0 = Release|x64
		{BBF32211-55BD-4F46-BC6C-80F25FD833F2}.Release|x86.ActiveCfg = Release|Win32
		{BBF32211-55BD-4F46-BC6C-80F25FD833F2}.Release|x86.Build.0 = Release|Win32
	EndGlobalSection
	GlobalSection(SolutionProperties) = preSolution
		HideSolutionNode = FALSE
	EndGlobalSection
	GlobalSection(ExtensibilityGlobals) = postSolution
		SolutionGuid = {54C7EE4F-5803-4B8B-AE1B-9C14679FF182}
	EndGlobalSection
EndGlobal
